{
  "version": 4,
  "terraform_version": "1.3.8",
  "serial": 9,
  "lineage": "e0e04762-e030-9a07-f342-e7dbeba9c5a4",
  "outputs": {},
  "resources": [
    {
      "module": "module.test.module.site-kl[\"key-d\"]",
      "mode": "managed",
      "type": "openstack_compute_instance_v2",
      "name": "instance_1",
      "provider": "module.test.provider[\"registry.terraform.io/terraform-provider-openstack/openstack\"].openstack-my-kl",
      "instances": [
        {
          "schema_version": 0,
          "attributes": {
            "access_ip_v4": "10.151.17.171",
            "access_ip_v6": "",
            "admin_pass": null,
            "all_metadata": {},
            "all_tags": [],
            "availability_zone": "nova",
            "availability_zone_hints": null,
            "block_device": [],
            "config_drive": null,
            "created": "2023-03-24 09:30:45 +0000 UTC",
            "flavor_id": "0282f64d-beb2-4ee1-b2cd-789bf8137958",
            "flavor_name": "medium",
            "floating_ip": null,
            "force_delete": false,
            "id": "c766237b-5e8d-4bfa-a6b0-7a86623a148a",
            "image_id": "10172a42-8b41-4642-9f56-cd6ade3d26b7",
            "image_name": "golden-image-v1-13-15",
            "key_pair": "key-d",
            "metadata": null,
            "name": "instance-d",
            "network": [
              {
                "access_network": false,
                "fixed_ip_v4": "10.151.17.171",
                "fixed_ip_v6": "",
                "floating_ip": "",
                "mac": "fa:16:3e:30:89:f9",
                "name": "vpn_vlan",
                "port": "",
                "uuid": "2e0edaf1-bc9b-40cb-9aae-a0dc41d51176"
              },
              {
                "access_network": false,
                "fixed_ip_v4": "10.151.3.15",
                "fixed_ip_v6": "",
                "floating_ip": "",
                "mac": "fa:16:3e:70:6f:2c",
                "name": "server_vlan",
                "port": "",
                "uuid": "2a483382-afa8-4458-beb5-247459000e73"
              }
            ],
            "network_mode": null,
            "personality": [],
            "power_state": "active",
            "region": "",
            "scheduler_hints": [],
            "security_groups": [
              "default"
            ],
            "stop_before_destroy": false,
            "tags": null,
            "timeouts": null,
            "updated": "2023-03-24 09:31:02 +0000 UTC",
            "user_data": null,
            "vendor_options": [],
            "volume": []
          },
          "sensitive_attributes": [],
          "private": "eyJlMmJmYjczMC1lY2FhLTExZTYtOGY4OC0zNDM2M2JjN2M0YzAiOnsiY3JlYXRlIjoxODAwMDAwMDAwMDAwLCJkZWxldGUiOjE4MDAwMDAwMDAwMDAsInVwZGF0ZSI6MTgwMDAwMDAwMDAwMH19"
        }
      ]
    },
    {
      "module": "module.test.module.site-kl[\"key-d\"]",
      "mode": "managed",
      "type": "openstack_compute_keypair_v2",
      "name": "set-key",
      "provider": "module.test.provider[\"registry.terraform.io/terraform-provider-openstack/openstack\"].openstack-my-kl",
      "instances": [
        {
          "schema_version": 0,
          "attributes": {
            "fingerprint": "86:c4:09:29:d3:77:25:1a:1a:69:e1:33:0f:02:17:71",
            "id": "key-d",
            "name": "key-d",
            "private_key": "",
            "public_key": "ssh-rsa AAAAB3NzaC1yc2EAAAADAQABAAABgQCtqsWySIAjQJEqXXuRt6oeOzC7OhU3N0FD+os+ppsozT2yvA8KmIqnsblF77lg5XRNsoqcw8Rz5thrEYn9VeKsot9d3hOG+6NvNfoQWXBS+aiksceTiE7FL0tPl4S46SARKBkI0+/tV3KWx9Ee34ZRFGjbSdhhbnhBq71Pdv5pw239pjlOpFL0hjxXQhzCgNl1ycCqvSEfl08XFKXR1r6IdAJtLq8LQ3A3Dui/jrvxEq0B2r8FCdTuSsp/qLX5aGgm6wVXxCSOtgw2i4/xSkRRYpja5Rn76/M1rJWcnTosqf3uwX9H8yb2NKlErzEEqRH7nBDFN9ogyfUOJEsexYIoAjGMyBgJ/VwnXNMm8zZVLXPySXR3GWstLWuJgzW0YKCZIckdO4Ug1DXOUIWsICHgvefbsiT+qPKfuUYtjkCi4kQ4FZUpQ2vSSv7ha7hNUK0F2HqtpTAhtNAAAl32R7FDMTbw7SRYHHpNM1XINB6dImBj1JO42+b3EeMBlF4eSY0= user@user-System-Product-Name",
            "region": "",
            "user_id": "",
            "value_specs": null
          },
          "sensitive_attributes": [],
          "private": "bnVsbA=="
        }
      ]
    }
  ],
  "check_results": null
}
