{
  "version": 4,
  "terraform_version": "1.3.8",
  "serial": 150,
  "lineage": "6414852b-22dc-2c86-f4e3-f9e0c1ee75a1",
  "outputs": {
    "full": {
      "value": "10.151.4.232",
      "type": "string"
    }
  },
  "resources": [
    {
      "module": "module.test.module.site-kl[\"key-d\"]",
      "mode": "managed",
      "type": "openstack_compute_instance_v2",
      "name": "instance_1",
      "provider": "module.test.provider[\"registry.terraform.io/terraform-provider-openstack/openstack\"].openstack-my-kl",
      "instances": [
        {
          "schema_version": 0,
          "attributes": {
            "access_ip_v4": "10.151.4.232",
            "access_ip_v6": "",
            "admin_pass": null,
            "all_metadata": {},
            "all_tags": [],
            "availability_zone": "nova",
            "availability_zone_hints": null,
            "block_device": [],
            "config_drive": null,
            "created": "2023-04-20 01:05:14 +0000 UTC",
            "flavor_id": "90d2ee7b-3f40-45d1-846d-39ef5d21a6fa",
            "flavor_name": "INEEDFATCPU",
            "floating_ip": null,
            "force_delete": false,
            "id": "3f7f14c8-4d35-4e98-a982-6043e086bbf1",
            "image_id": "f8fea5a2-4700-446a-996b-163f47f1136d",
            "image_name": "CentOS-7-x86_64-GenericCloud-2111",
            "key_pair": "key-d",
            "metadata": null,
            "name": "instance-d",
            "network": [
              {
                "access_network": false,
                "fixed_ip_v4": "10.151.4.232",
                "fixed_ip_v6": "",
                "floating_ip": "",
                "mac": "fa:16:3e:24:0a:39",
                "name": "server_vlan",
                "port": "",
                "uuid": "2a483382-afa8-4458-beb5-247459000e73"
              }
            ],
            "network_mode": null,
            "personality": [],
            "power_state": "active",
            "region": "",
            "scheduler_hints": [],
            "security_groups": [
              "default"
            ],
            "stop_before_destroy": false,
            "tags": null,
            "timeouts": null,
            "updated": "2023-04-20 01:05:26 +0000 UTC",
            "user_data": null,
            "vendor_options": [],
            "volume": []
          },
          "sensitive_attributes": [],
          "private": "eyJlMmJmYjczMC1lY2FhLTExZTYtOGY4OC0zNDM2M2JjN2M0YzAiOnsiY3JlYXRlIjoxODAwMDAwMDAwMDAwLCJkZWxldGUiOjE4MDAwMDAwMDAwMDAsInVwZGF0ZSI6MTgwMDAwMDAwMDAwMH19"
        }
      ]
    },
    {
      "module": "module.test.module.site-kl[\"key-d\"]",
      "mode": "managed",
      "type": "openstack_compute_keypair_v2",
      "name": "set-key",
      "provider": "module.test.provider[\"registry.terraform.io/terraform-provider-openstack/openstack\"].openstack-my-kl",
      "instances": [
        {
          "schema_version": 0,
          "attributes": {
            "fingerprint": "86:c4:09:29:d3:77:25:1a:1a:69:e1:33:0f:02:17:71",
            "id": "key-d",
            "name": "key-d",
            "private_key": "",
            "public_key": "ssh-rsa AAAAB3NzaC1yc2EAAAADAQABAAABgQCtqsWySIAjQJEqXXuRt6oeOzC7OhU3N0FD+os+ppsozT2yvA8KmIqnsblF77lg5XRNsoqcw8Rz5thrEYn9VeKsot9d3hOG+6NvNfoQWXBS+aiksceTiE7FL0tPl4S46SARKBkI0+/tV3KWx9Ee34ZRFGjbSdhhbnhBq71Pdv5pw239pjlOpFL0hjxXQhzCgNl1ycCqvSEfl08XFKXR1r6IdAJtLq8LQ3A3Dui/jrvxEq0B2r8FCdTuSsp/qLX5aGgm6wVXxCSOtgw2i4/xSkRRYpja5Rn76/M1rJWcnTosqf3uwX9H8yb2NKlErzEEqRH7nBDFN9ogyfUOJEsexYIoAjGMyBgJ/VwnXNMm8zZVLXPySXR3GWstLWuJgzW0YKCZIckdO4Ug1DXOUIWsICHgvefbsiT+qPKfuUYtjkCi4kQ4FZUpQ2vSSv7ha7hNUK0F2HqtpTAhtNAAAl32R7FDMTbw7SRYHHpNM1XINB6dImBj1JO42+b3EeMBlF4eSY0= user@user-System-Product-Name",
            "region": "",
            "user_id": "",
            "value_specs": null
          },
          "sensitive_attributes": [],
          "private": "bnVsbA=="
        }
      ]
    }
  ],
  "check_results": null
}
