{
  "version": 4,
  "terraform_version": "1.3.8",
  "serial": 5,
  "lineage": "0f9e5e97-c02c-2529-f3ed-75612b400b60",
  "outputs": {},
  "resources": [
    {
      "module": "module.test.module.site-kl[\"k2\"]",
      "mode": "managed",
      "type": "openstack_compute_instance_v2",
      "name": "my-instance",
      "provider": "module.test.provider[\"registry.terraform.io/terraform-provider-openstack/openstack\"].openstack-my-kl",
      "instances": [
        {
          "schema_version": 0,
          "attributes": {
            "access_ip_v4": "10.151.3.7",
            "access_ip_v6": "",
            "admin_pass": null,
            "all_metadata": {},
            "all_tags": [],
            "availability_zone": "nova",
            "availability_zone_hints": null,
            "block_device": [],
            "config_drive": null,
            "created": "2023-03-20 08:21:15 +0000 UTC",
            "flavor_id": "0282f64d-beb2-4ee1-b2cd-789bf8137958",
            "flavor_name": "medium",
            "floating_ip": null,
            "force_delete": false,
            "id": "e3c09277-7668-4433-948d-8386278ef7a4",
            "image_id": "f8fea5a2-4700-446a-996b-163f47f1136d",
            "image_name": "CentOS-7-x86_64-GenericCloud-2111",
            "key_pair": "k2",
            "metadata": null,
            "name": "instance-m",
            "network": [
              {
                "access_network": false,
                "fixed_ip_v4": "10.151.3.7",
                "fixed_ip_v6": "",
                "floating_ip": "",
                "mac": "fa:16:3e:e0:4b:4d",
                "name": "server_vlan",
                "port": "",
                "uuid": "2a483382-afa8-4458-beb5-247459000e73"
              }
            ],
            "network_mode": null,
            "personality": [],
            "power_state": "active",
            "region": "",
            "scheduler_hints": [],
            "security_groups": [
              "default"
            ],
            "stop_before_destroy": false,
            "tags": null,
            "timeouts": null,
            "updated": "2023-03-20 08:21:27 +0000 UTC",
            "user_data": null,
            "vendor_options": [],
            "volume": []
          },
          "sensitive_attributes": [],
          "private": "eyJlMmJmYjczMC1lY2FhLTExZTYtOGY4OC0zNDM2M2JjN2M0YzAiOnsiY3JlYXRlIjoxODAwMDAwMDAwMDAwLCJkZWxldGUiOjE4MDAwMDAwMDAwMDAsInVwZGF0ZSI6MTgwMDAwMDAwMDAwMH19"
        }
      ]
    },
    {
      "module": "module.test.module.site-kl[\"k2\"]",
      "mode": "managed",
      "type": "openstack_compute_keypair_v2",
      "name": "my-cloud-key",
      "provider": "module.test.provider[\"registry.terraform.io/terraform-provider-openstack/openstack\"].openstack-my-kl",
      "instances": [
        {
          "schema_version": 0,
          "attributes": {
            "fingerprint": "86:c4:09:29:d3:77:25:1a:1a:69:e1:33:0f:02:17:71",
            "id": "k2",
            "name": "k2",
            "private_key": "",
            "public_key": "ssh-rsa AAAAB3NzaC1yc2EAAAADAQABAAABgQCtqsWySIAjQJEqXXuRt6oeOzC7OhU3N0FD+os+ppsozT2yvA8KmIqnsblF77lg5XRNsoqcw8Rz5thrEYn9VeKsot9d3hOG+6NvNfoQWXBS+aiksceTiE7FL0tPl4S46SARKBkI0+/tV3KWx9Ee34ZRFGjbSdhhbnhBq71Pdv5pw239pjlOpFL0hjxXQhzCgNl1ycCqvSEfl08XFKXR1r6IdAJtLq8LQ3A3Dui/jrvxEq0B2r8FCdTuSsp/qLX5aGgm6wVXxCSOtgw2i4/xSkRRYpja5Rn76/M1rJWcnTosqf3uwX9H8yb2NKlErzEEqRH7nBDFN9ogyfUOJEsexYIoAjGMyBgJ/VwnXNMm8zZVLXPySXR3GWstLWuJgzW0YKCZIckdO4Ug1DXOUIWsICHgvefbsiT+qPKfuUYtjkCi4kQ4FZUpQ2vSSv7ha7hNUK0F2HqtpTAhtNAAAl32R7FDMTbw7SRYHHpNM1XINB6dImBj1JO42+b3EeMBlF4eSY0= user@user-System-Product-Name",
            "region": "",
            "user_id": "",
            "value_specs": null
          },
          "sensitive_attributes": [],
          "private": "bnVsbA=="
        }
      ]
    }
  ],
  "check_results": null
}
