{
  "version": 4,
  "terraform_version": "1.3.8",
  "serial": 110,
  "lineage": "6414852b-22dc-2c86-f4e3-f9e0c1ee75a1",
  "outputs": {},
  "resources": [
    {
      "module": "module.test.module.site-kl[\"key-d\"]",
      "mode": "managed",
      "type": "openstack_compute_secgroup_v2",
      "name": "secgroup_1",
      "provider": "module.test.provider[\"registry.terraform.io/terraform-provider-openstack/openstack\"].openstack-my-kl",
      "instances": [
        {
          "index_key": "secgroup-d",
          "schema_version": 0,
          "attributes": {
            "description": "Test Security Group",
            "id": "c16b961e-eeee-4d7d-a291-3c468847cf61",
            "name": "secgroup-d",
            "region": "",
            "rule": [
              {
                "cidr": "0.0.0.0/0",
                "from_group_id": "",
                "from_port": 22,
                "id": "4b0f0c31-0474-4b6e-ab64-051dedad7a4f",
                "ip_protocol": "tcp",
                "self": false,
                "to_port": 22
              },
              {
                "cidr": "0.0.0.0/0",
                "from_group_id": "",
                "from_port": 80,
                "id": "7209e358-f388-44da-8807-518b411dfacf",
                "ip_protocol": "tcp",
                "self": false,
                "to_port": 80
              }
            ],
            "timeouts": null
          },
          "sensitive_attributes": [],
          "private": "eyJlMmJmYjczMC1lY2FhLTExZTYtOGY4OC0zNDM2M2JjN2M0YzAiOnsiZGVsZXRlIjo2MDAwMDAwMDAwMDB9fQ=="
        },
        {
          "index_key": "secgroup-e",
          "schema_version": 0,
          "attributes": {
            "description": "Test Security Group",
            "id": "c0692da2-4066-4951-acfa-3a4c7458826e",
            "name": "secgroup-e",
            "region": "",
            "rule": [
              {
                "cidr": "0.0.0.0/0",
                "from_group_id": "",
                "from_port": 33,
                "id": "3ffe0c98-4006-48e3-a670-53a08c133a69",
                "ip_protocol": "tcp",
                "self": false,
                "to_port": 33
              },
              {
                "cidr": "0.0.0.0/0",
                "from_group_id": "",
                "from_port": 44,
                "id": "47160043-4d30-429d-b842-7b9b2d98301a",
                "ip_protocol": "tcp",
                "self": false,
                "to_port": 44
              }
            ],
            "timeouts": null
          },
          "sensitive_attributes": [],
          "private": "eyJlMmJmYjczMC1lY2FhLTExZTYtOGY4OC0zNDM2M2JjN2M0YzAiOnsiZGVsZXRlIjo2MDAwMDAwMDAwMDB9fQ=="
        }
      ]
    }
  ],
  "check_results": null
}
